
Microsoft Visual Studio Solution File, Format Version 12.00
# Visual Studio Version 16
VisualStudioVersion = 16.0.29102.190
MinimumVisualStudioVersion = 10.0.40219.1
Project("{FAE04EC0-301F-11D3-BF4B-00C04F79EFBC}") = "sqlcon", "sqlcon\sqlcon.csproj", "{C60691C9-DA2E-4DFD-9923-9349A1777C5D}"
EndProject
Project("{FAE04EC0-301F-11D3-BF4B-00C04F79EFBC}") = "syscore", "syscore\syscore.csproj", "{58332852-369D-4045-93C2-5CFE9CFB2313}"
EndProject
Project("{2150E333-8FDC-42A3-9474-1A3956D46DE8}") = ".nuget", ".nuget", "{770A34FA-CDFE-47C9-8DE8-D0128BFF9117}"
	ProjectSection(SolutionItems) = preProject
		.nuget\sqlcon.nuspec = .nuget\sqlcon.nuspec
	EndProjectSection
EndProject
Project("{FAE04EC0-301F-11D3-BF4B-00C04F79EFBC}") = "UnitTestProject", "UnitTestProject\UnitTestProject.csproj", "{C21F5B5B-4301-43D3-A53C-195A1D860BE7}"
EndProject
Project("{FAE04EC0-301F-11D3-BF4B-00C04F79EFBC}") = "sysdata", "sysdata\sysdata.csproj", "{2066797E-01B0-4F66-ADE1-2731A0851794}"
EndProject
Project("{FAE04EC0-301F-11D3-BF4B-00C04F79EFBC}") = "sysdata.code", "sysdata.code\sysdata.code.csproj", "{A8A98BF7-E895-4E8E-8E67-A1D30485AC7F}"
EndProject
Project("{FAE04EC0-301F-11D3-BF4B-00C04F79EFBC}") = "sqlui", "sqlui\sqlui.csproj", "{301F923C-64BF-459C-92C5-368242A1A535}"
EndProject
Project("{9A19103F-16F7-4668-BE54-9A1E7A4F7556}") = "syscode", "..\code-gen\syscode\syscode.csproj", "{7C0A619E-4ADF-450D-9DA9-943AE2A35FCF}"
EndProject
Project("{FAE04EC0-301F-11D3-BF4B-00C04F79EFBC}") = "sqlshop", "sqlshop\sqlshop.csproj", "{6422E5EF-28EF-493A-AED7-02E8A3B4DAA1}"
EndProject
Global
	GlobalSection(SolutionConfigurationPlatforms) = preSolution
		Debug|Any CPU = Debug|Any CPU
		Release|Any CPU = Release|Any CPU
	EndGlobalSection
	GlobalSection(ProjectConfigurationPlatforms) = postSolution
		{C60691C9-DA2E-4DFD-9923-9349A1777C5D}.Debug|Any CPU.ActiveCfg = Debug|Any CPU
		{C60691C9-DA2E-4DFD-9923-9349A1777C5D}.Debug|Any CPU.Build.0 = Debug|Any CPU
		{C60691C9-DA2E-4DFD-9923-9349A1777C5D}.Release|Any CPU.ActiveCfg = Release|Any CPU
		{C60691C9-DA2E-4DFD-9923-9349A1777C5D}.Release|Any CPU.Build.0 = Release|Any CPU
		{58332852-369D-4045-93C2-5CFE9CFB2313}.Debug|Any CPU.ActiveCfg = Debug|Any CPU
		{58332852-369D-4045-93C2-5CFE9CFB2313}.Debug|Any CPU.Build.0 = Debug|Any CPU
		{58332852-369D-4045-93C2-5CFE9CFB2313}.Release|Any CPU.ActiveCfg = Release|Any CPU
		{58332852-369D-4045-93C2-5CFE9CFB2313}.Release|Any CPU.Build.0 = Release|Any CPU
		{C21F5B5B-4301-43D3-A53C-195A1D860BE7}.Debug|Any CPU.ActiveCfg = Debug|Any CPU
		{C21F5B5B-4301-43D3-A53C-195A1D860BE7}.Debug|Any CPU.Build.0 = Debug|Any CPU
		{C21F5B5B-4301-43D3-A53C-195A1D860BE7}.Release|Any CPU.ActiveCfg = Release|Any CPU
		{C21F5B5B-4301-43D3-A53C-195A1D860BE7}.Release|Any CPU.Build.0 = Release|Any CPU
		{2066797E-01B0-4F66-ADE1-2731A0851794}.Debug|Any CPU.ActiveCfg = Debug|Any CPU
		{2066797E-01B0-4F66-ADE1-2731A0851794}.Debug|Any CPU.Build.0 = Debug|Any CPU
		{2066797E-01B0-4F66-ADE1-2731A0851794}.Release|Any CPU.ActiveCfg = Release|Any CPU
		{2066797E-01B0-4F66-ADE1-2731A0851794}.Release|Any CPU.Build.0 = Release|Any CPU
		{A8A98BF7-E895-4E8E-8E67-A1D30485AC7F}.Debug|Any CPU.ActiveCfg = Debug|Any CPU
		{A8A98BF7-E895-4E8E-8E67-A1D30485AC7F}.Debug|Any CPU.Build.0 = Debug|Any CPU
		{A8A98BF7-E895-4E8E-8E67-A1D30485AC7F}.Release|Any CPU.ActiveCfg = Release|Any CPU
		{A8A98BF7-E895-4E8E-8E67-A1D30485AC7F}.Release|Any CPU.Build.0 = Release|Any CPU
		{301F923C-64BF-459C-92C5-368242A1A535}.Debug|Any CPU.ActiveCfg = Debug|Any CPU
		{301F923C-64BF-459C-92C5-368242A1A535}.Debug|Any CPU.Build.0 = Debug|Any CPU
		{301F923C-64BF-459C-92C5-368242A1A535}.Release|Any CPU.ActiveCfg = Release|Any CPU
		{301F923C-64BF-459C-92C5-368242A1A535}.Release|Any CPU.Build.0 = Release|Any CPU
		{7C0A619E-4ADF-450D-9DA9-943AE2A35FCF}.Debug|Any CPU.ActiveCfg = Debug|Any CPU
		{7C0A619E-4ADF-450D-9DA9-943AE2A35FCF}.Debug|Any CPU.Build.0 = Debug|Any CPU
		{7C0A619E-4ADF-450D-9DA9-943AE2A35FCF}.Release|Any CPU.ActiveCfg = Release|Any CPU
		{7C0A619E-4ADF-450D-9DA9-943AE2A35FCF}.Release|Any CPU.Build.0 = Release|Any CPU
		{6422E5EF-28EF-493A-AED7-02E8A3B4DAA1}.Debug|Any CPU.ActiveCfg = Debug|Any CPU
		{6422E5EF-28EF-493A-AED7-02E8A3B4DAA1}.Debug|Any CPU.Build.0 = Debug|Any CPU
		{6422E5EF-28EF-493A-AED7-02E8A3B4DAA1}.Release|Any CPU.ActiveCfg = Release|Any CPU
		{6422E5EF-28EF-493A-AED7-02E8A3B4DAA1}.Release|Any CPU.Build.0 = Release|Any CPU
	EndGlobalSection
	GlobalSection(SolutionProperties) = preSolution
		HideSolutionNode = FALSE
	EndGlobalSection
	GlobalSection(ExtensibilityGlobals) = postSolution
		SolutionGuid = {E0A310CD-E8AC-41C3-9629-23B2F3C69890}
	EndGlobalSection
EndGlobal
